
Microsoft Visual Studio Solution File, Format Version 12.00
# Visual Studio Version 17
VisualStudioVersion = 17.8.34511.84
MinimumVisualStudioVersion = 10.0.40219.1
Project("{FAE04EC0-301F-11D3-BF4B-00C04F79EFBC}") = "SampleLog", "SampleLog.csproj", "{A24EF258-C693-4A21-9138-E1236350A525}"
EndProject
Global
	GlobalSection(SolutionConfigurationPlatforms) = preSolution
		Debug|Any CPU = Debug|Any CPU
		Release|Any CPU = Release|Any CPU
	EndGlobalSection
	GlobalSection(ProjectConfigurationPlatforms) = postSolution
		{A24EF258-C693-4A21-9138-E1236350A525}.Debug|Any CPU.ActiveCfg = Debug|Any CPU
		{A24EF258-C693-4A21-9138-E1236350A525}.Debug|Any CPU.Build.0 = Debug|Any CPU
		{A24EF258-C693-4A21-9138-E1236350A525}.Release|Any CPU.ActiveCfg = Release|Any CPU
		{A24EF258-C693-4A21-9138-E1236350A525}.Release|Any CPU.Build.0 = Release|Any CPU
	EndGlobalSection
	GlobalSection(SolutionProperties) = preSolution
		HideSolutionNode = FALSE
	EndGlobalSection
	GlobalSection(ExtensibilityGlobals) = postSolution
		SolutionGuid = {1E9B3C54-EF68-42F2-B6C0-7831A3E81539}
	EndGlobalSection
EndGlobal
