
Microsoft Visual Studio Solution File, Format Version 12.00
# Visual Studio Version 17
VisualStudioVersion = 17.9.34723.18
MinimumVisualStudioVersion = 10.0.40219.1
Project("{FAE04EC0-301F-11D3-BF4B-00C04F79EFBC}") = "SampleLog.NET8", "SampleLog.NET8.csproj", "{ABF01869-ABE6-4A2A-944C-73DACD53E02A}"
EndProject
Global
	GlobalSection(SolutionConfigurationPlatforms) = preSolution
		Debug|Any CPU = Debug|Any CPU
		Debug|x64 = Debug|x64
		Release|Any CPU = Release|Any CPU
		Release|x64 = Release|x64
	EndGlobalSection
	GlobalSection(ProjectConfigurationPlatforms) = postSolution
		{ABF01869-ABE6-4A2A-944C-73DACD53E02A}.Debug|Any CPU.ActiveCfg = Debug|Any CPU
		{ABF01869-ABE6-4A2A-944C-73DACD53E02A}.Debug|Any CPU.Build.0 = Debug|Any CPU
		{ABF01869-ABE6-4A2A-944C-73DACD53E02A}.Debug|x64.ActiveCfg = Debug|x64
		{ABF01869-ABE6-4A2A-944C-73DACD53E02A}.Debug|x64.Build.0 = Debug|x64
		{ABF01869-ABE6-4A2A-944C-73DACD53E02A}.Release|Any CPU.ActiveCfg = Release|Any CPU
		{ABF01869-ABE6-4A2A-944C-73DACD53E02A}.Release|Any CPU.Build.0 = Release|Any CPU
		{ABF01869-ABE6-4A2A-944C-73DACD53E02A}.Release|x64.ActiveCfg = Release|x64
		{ABF01869-ABE6-4A2A-944C-73DACD53E02A}.Release|x64.Build.0 = Release|x64
	EndGlobalSection
	GlobalSection(SolutionProperties) = preSolution
		HideSolutionNode = FALSE
	EndGlobalSection
	GlobalSection(ExtensibilityGlobals) = postSolution
		SolutionGuid = {790BFE3E-BB04-4AAD-8BBB-55DE0BD3E00B}
	EndGlobalSection
EndGlobal
