
Microsoft Visual Studio Solution File, Format Version 12.00
# Visual Studio Version 17
VisualStudioVersion = 17.7.34024.191
MinimumVisualStudioVersion = 10.0.40219.1
Project("{FAE04EC0-301F-11D3-BF4B-00C04F79EFBC}") = "ExcelConverter", "ExcelConverter\ExcelConverter.csproj", "{CA88F607-8ED1-44EC-BBE6-5D72E2EFBADA}"
EndProject
Global
	GlobalSection(SolutionConfigurationPlatforms) = preSolution
		Debug|Any CPU = Debug|Any CPU
		Release|Any CPU = Release|Any CPU
	EndGlobalSection
	GlobalSection(ProjectConfigurationPlatforms) = postSolution
		{CA88F607-8ED1-44EC-BBE6-5D72E2EFBADA}.Debug|Any CPU.ActiveCfg = Debug|Any CPU
		{CA88F607-8ED1-44EC-BBE6-5D72E2EFBADA}.Debug|Any CPU.Build.0 = Debug|Any CPU
		{CA88F607-8ED1-44EC-BBE6-5D72E2EFBADA}.Release|Any CPU.ActiveCfg = Release|Any CPU
		{CA88F607-8ED1-44EC-BBE6-5D72E2EFBADA}.Release|Any CPU.Build.0 = Release|Any CPU
	EndGlobalSection
	GlobalSection(SolutionProperties) = preSolution
		HideSolutionNode = FALSE
	EndGlobalSection
	GlobalSection(ExtensibilityGlobals) = postSolution
		SolutionGuid = {05528ED7-E386-4F39-A736-46D9DC7F96D9}
	EndGlobalSection
EndGlobal
