
Microsoft Visual Studio Solution File, Format Version 12.00
# Visual Studio Version 17
VisualStudioVersion = 17.9.34723.18
MinimumVisualStudioVersion = 10.0.40219.1
Project("{FAE04EC0-301F-11D3-BF4B-00C04F79EFBC}") = "BestPractices", "BestPractices.csproj", "{58B57CC4-7927-4D0D-9888-FF8A88C86748}"
EndProject
Global
	GlobalSection(SolutionConfigurationPlatforms) = preSolution
		Debug|Any CPU = Debug|Any CPU
		Release|Any CPU = Release|Any CPU
	EndGlobalSection
	GlobalSection(ProjectConfigurationPlatforms) = postSolution
		{58B57CC4-7927-4D0D-9888-FF8A88C86748}.Debug|Any CPU.ActiveCfg = Debug|Any CPU
		{58B57CC4-7927-4D0D-9888-FF8A88C86748}.Debug|Any CPU.Build.0 = Debug|Any CPU
		{58B57CC4-7927-4D0D-9888-FF8A88C86748}.Release|Any CPU.ActiveCfg = Release|Any CPU
		{58B57CC4-7927-4D0D-9888-FF8A88C86748}.Release|Any CPU.Build.0 = Release|Any CPU
	EndGlobalSection
	GlobalSection(SolutionProperties) = preSolution
		HideSolutionNode = FALSE
	EndGlobalSection
	GlobalSection(ExtensibilityGlobals) = postSolution
		SolutionGuid = {1FFF87BC-4796-46E2-82F0-B6FA2E3DD465}
	EndGlobalSection
EndGlobal
